
Microsoft Visual Studio Solution File, Format Version 12.00
# Visual Studio Version 17
VisualStudioVersion = 17.9.34723.18
MinimumVisualStudioVersion = 10.0.40219.1
Project("{FAE04EC0-301F-11D3-BF4B-00C04F79EFBC}") = "PowerPulseRestAPI", "PowerPulseRestAPI\PowerPulseRestAPI.csproj", "{A8C7444C-0819-4A04-AAE9-BEDD52FB753D}"
EndProject
Project("{E53339B2-1760-4266-BCC7-CA923CBCF16C}") = "docker-compose", "docker-compose.dcproj", "{D1B55E70-77F6-4C81-B347-ADF29B3A4C07}"
EndProject
Global
	GlobalSection(SolutionConfigurationPlatforms) = preSolution
		Debug|Any CPU = Debug|Any CPU
		Release|Any CPU = Release|Any CPU
	EndGlobalSection
	GlobalSection(ProjectConfigurationPlatforms) = postSolution
		{A8C7444C-0819-4A04-AAE9-BEDD52FB753D}.Debug|Any CPU.ActiveCfg = Debug|Any CPU
		{A8C7444C-0819-4A04-AAE9-BEDD52FB753D}.Debug|Any CPU.Build.0 = Debug|Any CPU
		{A8C7444C-0819-4A04-AAE9-BEDD52FB753D}.Release|Any CPU.ActiveCfg = Release|Any CPU
		{A8C7444C-0819-4A04-AAE9-BEDD52FB753D}.Release|Any CPU.Build.0 = Release|Any CPU
		{D1B55E70-77F6-4C81-B347-ADF29B3A4C07}.Debug|Any CPU.ActiveCfg = Debug|Any CPU
		{D1B55E70-77F6-4C81-B347-ADF29B3A4C07}.Debug|Any CPU.Build.0 = Debug|Any CPU
		{D1B55E70-77F6-4C81-B347-ADF29B3A4C07}.Release|Any CPU.ActiveCfg = Release|Any CPU
		{D1B55E70-77F6-4C81-B347-ADF29B3A4C07}.Release|Any CPU.Build.0 = Release|Any CPU
	EndGlobalSection
	GlobalSection(SolutionProperties) = preSolution
		HideSolutionNode = FALSE
	EndGlobalSection
	GlobalSection(ExtensibilityGlobals) = postSolution
		SolutionGuid = {CC3BA207-A394-4271-80A7-F380ECEEEF24}
	EndGlobalSection
EndGlobal
